
Microsoft Visual Studio Solution File, Format Version 12.00
# Visual Studio Version 17
VisualStudioVersion = 17.11.35327.3
MinimumVisualStudioVersion = 10.0.40219.1
Project("{FAE04EC0-301F-11D3-BF4B-00C04F79EFBC}") = "alertas", "alertas.csproj", "{BBA74116-3EDE-4A96-A91D-2AAFD22046B8}"
EndProject
Global
	GlobalSection(SolutionConfigurationPlatforms) = preSolution
		Debug|Any CPU = Debug|Any CPU
		Debug|ARM64 = Debug|ARM64
		Release|Any CPU = Release|Any CPU
		Release|ARM64 = Release|ARM64
	EndGlobalSection
	GlobalSection(ProjectConfigurationPlatforms) = postSolution
		{BBA74116-3EDE-4A96-A91D-2AAFD22046B8}.Debug|Any CPU.ActiveCfg = Debug|Any CPU
		{BBA74116-3EDE-4A96-A91D-2AAFD22046B8}.Debug|Any CPU.Build.0 = Debug|Any CPU
		{BBA74116-3EDE-4A96-A91D-2AAFD22046B8}.Debug|ARM64.ActiveCfg = Debug|ARM64
		{BBA74116-3EDE-4A96-A91D-2AAFD22046B8}.Debug|ARM64.Build.0 = Debug|ARM64
		{BBA74116-3EDE-4A96-A91D-2AAFD22046B8}.Release|Any CPU.ActiveCfg = Release|Any CPU
		{BBA74116-3EDE-4A96-A91D-2AAFD22046B8}.Release|Any CPU.Build.0 = Release|Any CPU
		{BBA74116-3EDE-4A96-A91D-2AAFD22046B8}.Release|ARM64.ActiveCfg = Release|ARM64
		{BBA74116-3EDE-4A96-A91D-2AAFD22046B8}.Release|ARM64.Build.0 = Release|ARM64
	EndGlobalSection
	GlobalSection(SolutionProperties) = preSolution
		HideSolutionNode = FALSE
	EndGlobalSection
	GlobalSection(ExtensibilityGlobals) = postSolution
		SolutionGuid = {D125E3CE-EAC8-4E86-9C7D-9DA4214B9B93}
	EndGlobalSection
EndGlobal
