
Microsoft Visual Studio Solution File, Format Version 12.00
# Visual Studio Version 17
VisualStudioVersion = 17.11.35327.3
MinimumVisualStudioVersion = 10.0.40219.1
Project("{FAE04EC0-301F-11D3-BF4B-00C04F79EFBC}") = "Calculadorasamuel2", "Calculadorasamuel2.csproj", "{81D29C0E-04EF-4CDE-AC5E-9B37FACBC1EA}"
EndProject
Global
	GlobalSection(SolutionConfigurationPlatforms) = preSolution
		Debug|Any CPU = Debug|Any CPU
		Release|Any CPU = Release|Any CPU
	EndGlobalSection
	GlobalSection(ProjectConfigurationPlatforms) = postSolution
		{81D29C0E-04EF-4CDE-AC5E-9B37FACBC1EA}.Debug|Any CPU.ActiveCfg = Debug|Any CPU
		{81D29C0E-04EF-4CDE-AC5E-9B37FACBC1EA}.Debug|Any CPU.Build.0 = Debug|Any CPU
		{81D29C0E-04EF-4CDE-AC5E-9B37FACBC1EA}.Release|Any CPU.ActiveCfg = Release|Any CPU
		{81D29C0E-04EF-4CDE-AC5E-9B37FACBC1EA}.Release|Any CPU.Build.0 = Release|Any CPU
	EndGlobalSection
	GlobalSection(SolutionProperties) = preSolution
		HideSolutionNode = FALSE
	EndGlobalSection
	GlobalSection(ExtensibilityGlobals) = postSolution
		SolutionGuid = {FB1534CB-14C6-4B84-83DE-C43C76718017}
	EndGlobalSection
EndGlobal
